
Microsoft Visual Studio Solution File, Format Version 12.00
# Visual Studio Version 16
VisualStudioVersion = 16.0.29728.190
MinimumVisualStudioVersion = 10.0.40219.1
Project("{FAE04EC0-301F-11D3-BF4B-00C04F79EFBC}") = "iTEAMConsulting.Extensions.Microservices", "iTEAMConsulting.Extensions.Microservices\iTEAMConsulting.Extensions.Microservices.csproj", "{DF4FAAA3-74EC-4117-9F09-CE291BC1D3B0}"
EndProject
Global
	GlobalSection(SolutionConfigurationPlatforms) = preSolution
		Debug|Any CPU = Debug|Any CPU
		Release|Any CPU = Release|Any CPU
	EndGlobalSection
	GlobalSection(ProjectConfigurationPlatforms) = postSolution
		{DF4FAAA3-74EC-4117-9F09-CE291BC1D3B0}.Debug|Any CPU.ActiveCfg = Debug|Any CPU
		{DF4FAAA3-74EC-4117-9F09-CE291BC1D3B0}.Debug|Any CPU.Build.0 = Debug|Any CPU
		{DF4FAAA3-74EC-4117-9F09-CE291BC1D3B0}.Release|Any CPU.ActiveCfg = Release|Any CPU
		{DF4FAAA3-74EC-4117-9F09-CE291BC1D3B0}.Release|Any CPU.Build.0 = Release|Any CPU
	EndGlobalSection
	GlobalSection(SolutionProperties) = preSolution
		HideSolutionNode = FALSE
	EndGlobalSection
	GlobalSection(ExtensibilityGlobals) = postSolution
		SolutionGuid = {1FAC1AB9-05E9-416C-806F-F143EFA23184}
	EndGlobalSection
EndGlobal
